
Microsoft Visual Studio Solution File, Format Version 12.00
# Visual Studio Version 16
VisualStudioVersion = 16.0.30406.217
MinimumVisualStudioVersion = 10.0.40219.1
Project("{9A19103F-16F7-4668-BE54-9A1E7A4F7556}") = "OrdererTest", "OrdererTest.csproj", "{E56368CD-359D-4B76-841C-F55CB7C296F7}"
EndProject
Project("{8BC9CEB8-8B4A-11D0-8D11-00A0C91BC942}") = "OrdererKernel", "OrdererKernel\OrdererKernel.vcxproj", "{3CB21C3A-A409-4DAC-BA0B-1BEE991C1636}"
EndProject
Global
	GlobalSection(SolutionConfigurationPlatforms) = preSolution
		Debug|Any CPU = Debug|Any CPU
		Debug|x64 = Debug|x64
		Debug|x86 = Debug|x86
		Release|Any CPU = Release|Any CPU
		Release|x64 = Release|x64
		Release|x86 = Release|x86
	EndGlobalSection
	GlobalSection(ProjectConfigurationPlatforms) = postSolution
		{E56368CD-359D-4B76-841C-F55CB7C296F7}.Debug|Any CPU.ActiveCfg = Debug|Any CPU
		{E56368CD-359D-4B76-841C-F55CB7C296F7}.Debug|Any CPU.Build.0 = Debug|Any CPU
		{E56368CD-359D-4B76-841C-F55CB7C296F7}.Debug|x64.ActiveCfg = Debug|Any CPU
		{E56368CD-359D-4B76-841C-F55CB7C296F7}.Debug|x64.Build.0 = Debug|Any CPU
		{E56368CD-359D-4B76-841C-F55CB7C296F7}.Debug|x86.ActiveCfg = Debug|Any CPU
		{E56368CD-359D-4B76-841C-F55CB7C296F7}.Debug|x86.Build.0 = Debug|Any CPU
		{E56368CD-359D-4B76-841C-F55CB7C296F7}.Release|Any CPU.ActiveCfg = Release|Any CPU
		{E56368CD-359D-4B76-841C-F55CB7C296F7}.Release|Any CPU.Build.0 = Release|Any CPU
		{E56368CD-359D-4B76-841C-F55CB7C296F7}.Release|x64.ActiveCfg = Release|Any CPU
		{E56368CD-359D-4B76-841C-F55CB7C296F7}.Release|x64.Build.0 = Release|Any CPU
		{E56368CD-359D-4B76-841C-F55CB7C296F7}.Release|x86.ActiveCfg = Release|Any CPU
		{E56368CD-359D-4B76-841C-F55CB7C296F7}.Release|x86.Build.0 = Release|Any CPU
		{3CB21C3A-A409-4DAC-BA0B-1BEE991C1636}.Debug|Any CPU.ActiveCfg = Debug|Win32
		{3CB21C3A-A409-4DAC-BA0B-1BEE991C1636}.Debug|x64.ActiveCfg = Debug|x64
		{3CB21C3A-A409-4DAC-BA0B-1BEE991C1636}.Debug|x64.Build.0 = Debug|x64
		{3CB21C3A-A409-4DAC-BA0B-1BEE991C1636}.Debug|x86.ActiveCfg = Debug|Win32
		{3CB21C3A-A409-4DAC-BA0B-1BEE991C1636}.Debug|x86.Build.0 = Debug|Win32
		{3CB21C3A-A409-4DAC-BA0B-1BEE991C1636}.Release|Any CPU.ActiveCfg = Release|Win32
		{3CB21C3A-A409-4DAC-BA0B-1BEE991C1636}.Release|x64.ActiveCfg = Release|x64
		{3CB21C3A-A409-4DAC-BA0B-1BEE991C1636}.Release|x64.Build.0 = Release|x64
		{3CB21C3A-A409-4DAC-BA0B-1BEE991C1636}.Release|x86.ActiveCfg = Release|Win32
		{3CB21C3A-A409-4DAC-BA0B-1BEE991C1636}.Release|x86.Build.0 = Release|Win32
	EndGlobalSection
	GlobalSection(SolutionProperties) = preSolution
		HideSolutionNode = FALSE
	EndGlobalSection
	GlobalSection(ExtensibilityGlobals) = postSolution
		SolutionGuid = {5A748264-6654-402B-B0FA-9C9B67409E64}
	EndGlobalSection
EndGlobal
